
Microsoft Visual Studio Solution File, Format Version 12.00
# Visual Studio Version 17
VisualStudioVersion = 17.9.34723.18
MinimumVisualStudioVersion = 10.0.40219.1
Project("{FAE04EC0-301F-11D3-BF4B-00C04F79EFBC}") = "CurrencytoTextConverter.Server", "CurrencytoTextConverter.Server\CurrencytoTextConverter.Server.csproj", "{176D3FB5-3BEA-4FD5-80C3-1A67EEE43522}"
EndProject
Project("{54A90642-561A-4BB1-A94E-469ADEE60C69}") = "currencytotextconverter.client", "currencytotextconverter.client\currencytotextconverter.client.esproj", "{705EAA32-203B-4BB6-ACD5-5BCBFD402270}"
EndProject
Global
	GlobalSection(SolutionConfigurationPlatforms) = preSolution
		Debug|Any CPU = Debug|Any CPU
		Release|Any CPU = Release|Any CPU
	EndGlobalSection
	GlobalSection(ProjectConfigurationPlatforms) = postSolution
		{176D3FB5-3BEA-4FD5-80C3-1A67EEE43522}.Debug|Any CPU.ActiveCfg = Debug|Any CPU
		{176D3FB5-3BEA-4FD5-80C3-1A67EEE43522}.Debug|Any CPU.Build.0 = Debug|Any CPU
		{176D3FB5-3BEA-4FD5-80C3-1A67EEE43522}.Release|Any CPU.ActiveCfg = Release|Any CPU
		{176D3FB5-3BEA-4FD5-80C3-1A67EEE43522}.Release|Any CPU.Build.0 = Release|Any CPU
		{705EAA32-203B-4BB6-ACD5-5BCBFD402270}.Debug|Any CPU.ActiveCfg = Debug|Any CPU
		{705EAA32-203B-4BB6-ACD5-5BCBFD402270}.Debug|Any CPU.Build.0 = Debug|Any CPU
		{705EAA32-203B-4BB6-ACD5-5BCBFD402270}.Debug|Any CPU.Deploy.0 = Debug|Any CPU
		{705EAA32-203B-4BB6-ACD5-5BCBFD402270}.Release|Any CPU.ActiveCfg = Release|Any CPU
		{705EAA32-203B-4BB6-ACD5-5BCBFD402270}.Release|Any CPU.Build.0 = Release|Any CPU
		{705EAA32-203B-4BB6-ACD5-5BCBFD402270}.Release|Any CPU.Deploy.0 = Release|Any CPU
	EndGlobalSection
	GlobalSection(SolutionProperties) = preSolution
		HideSolutionNode = FALSE
	EndGlobalSection
	GlobalSection(ExtensibilityGlobals) = postSolution
		SolutionGuid = {9072AE44-1F91-4DD7-BA88-B1A34A57A4E5}
	EndGlobalSection
EndGlobal
